
Microsoft Visual Studio Solution File, Format Version 12.00
# Visual Studio 2013
VisualStudioVersion = 12.0.30723.0
MinimumVisualStudioVersion = 10.0.40219.1
Project("{FAE04EC0-301F-11D3-BF4B-00C04F79EFBC}") = "oms", "oms\oms.csproj", "{65681AB8-CFD9-4C06-B9EB-E1816AA05CB9}"
EndProject
Project("{FAE04EC0-301F-11D3-BF4B-00C04F79EFBC}") = "SimpleScript", "SimpleScript\SimpleScript.csproj", "{8AE08551-BC10-4A0D-A834-0334ED7C89EB}"
EndProject
Global
	GlobalSection(SolutionConfigurationPlatforms) = preSolution
		Debug|Any CPU = Debug|Any CPU
		Release|Any CPU = Release|Any CPU
	EndGlobalSection
	GlobalSection(ProjectConfigurationPlatforms) = postSolution
		{65681AB8-CFD9-4C06-B9EB-E1816AA05CB9}.Debug|Any CPU.ActiveCfg = Debug|Any CPU
		{65681AB8-CFD9-4C06-B9EB-E1816AA05CB9}.Debug|Any CPU.Build.0 = Debug|Any CPU
		{65681AB8-CFD9-4C06-B9EB-E1816AA05CB9}.Release|Any CPU.ActiveCfg = Release|Any CPU
		{65681AB8-CFD9-4C06-B9EB-E1816AA05CB9}.Release|Any CPU.Build.0 = Release|Any CPU
		{8AE08551-BC10-4A0D-A834-0334ED7C89EB}.Debug|Any CPU.ActiveCfg = Debug|Any CPU
		{8AE08551-BC10-4A0D-A834-0334ED7C89EB}.Debug|Any CPU.Build.0 = Debug|Any CPU
		{8AE08551-BC10-4A0D-A834-0334ED7C89EB}.Release|Any CPU.ActiveCfg = Release|Any CPU
		{8AE08551-BC10-4A0D-A834-0334ED7C89EB}.Release|Any CPU.Build.0 = Release|Any CPU
	EndGlobalSection
	GlobalSection(SolutionProperties) = preSolution
		HideSolutionNode = FALSE
	EndGlobalSection
EndGlobal
