
Microsoft Visual Studio Solution File, Format Version 12.00
# Visual Studio Version 16
VisualStudioVersion = 16.0.30717.126
MinimumVisualStudioVersion = 10.0.40219.1
Project("{9A19103F-16F7-4668-BE54-9A1E7A4F7556}") = "MyScriptConsole", "MyScriptConsole\MyScriptConsole.csproj", "{2AA5C301-F61E-4EE6-B598-66308E2DC0BF}"
EndProject
Project("{9A19103F-16F7-4668-BE54-9A1E7A4F7556}") = "MyScript", "MyScript\MyScript.csproj", "{6E8185DE-20E7-43F2-BF5C-E3BFF9C14581}"
EndProject
Project("{9A19103F-16F7-4668-BE54-9A1E7A4F7556}") = "MyScriptTest", "MyScriptTest\MyScriptTest.csproj", "{E08DD1F9-0852-4DFD-AFE8-504F77E8EFA5}"
EndProject
Project("{2150E333-8FDC-42A3-9474-1A3956D46DE8}") = "Solution Items", "Solution Items", "{94CF71A7-BD6E-4B61-976D-8379842A7564}"
	ProjectSection(SolutionItems) = preProject
		.editorconfig = .editorconfig
	EndProjectSection
EndProject
Project("{FAE04EC0-301F-11D3-BF4B-00C04F79EFBC}") = "MyScriptStdLib", "MyScriptStdLib\MyScriptStdLib.csproj", "{A2789704-C0C3-4123-B5D7-084A8571816B}"
EndProject
Global
	GlobalSection(SolutionConfigurationPlatforms) = preSolution
		Debug|Any CPU = Debug|Any CPU
		Release|Any CPU = Release|Any CPU
	EndGlobalSection
	GlobalSection(ProjectConfigurationPlatforms) = postSolution
		{2AA5C301-F61E-4EE6-B598-66308E2DC0BF}.Debug|Any CPU.ActiveCfg = Debug|Any CPU
		{2AA5C301-F61E-4EE6-B598-66308E2DC0BF}.Debug|Any CPU.Build.0 = Debug|Any CPU
		{2AA5C301-F61E-4EE6-B598-66308E2DC0BF}.Release|Any CPU.ActiveCfg = Release|Any CPU
		{2AA5C301-F61E-4EE6-B598-66308E2DC0BF}.Release|Any CPU.Build.0 = Release|Any CPU
		{6E8185DE-20E7-43F2-BF5C-E3BFF9C14581}.Debug|Any CPU.ActiveCfg = Debug|Any CPU
		{6E8185DE-20E7-43F2-BF5C-E3BFF9C14581}.Debug|Any CPU.Build.0 = Debug|Any CPU
		{6E8185DE-20E7-43F2-BF5C-E3BFF9C14581}.Release|Any CPU.ActiveCfg = Release|Any CPU
		{6E8185DE-20E7-43F2-BF5C-E3BFF9C14581}.Release|Any CPU.Build.0 = Release|Any CPU
		{E08DD1F9-0852-4DFD-AFE8-504F77E8EFA5}.Debug|Any CPU.ActiveCfg = Debug|Any CPU
		{E08DD1F9-0852-4DFD-AFE8-504F77E8EFA5}.Debug|Any CPU.Build.0 = Debug|Any CPU
		{E08DD1F9-0852-4DFD-AFE8-504F77E8EFA5}.Release|Any CPU.ActiveCfg = Release|Any CPU
		{E08DD1F9-0852-4DFD-AFE8-504F77E8EFA5}.Release|Any CPU.Build.0 = Release|Any CPU
		{A2789704-C0C3-4123-B5D7-084A8571816B}.Debug|Any CPU.ActiveCfg = Debug|Any CPU
		{A2789704-C0C3-4123-B5D7-084A8571816B}.Debug|Any CPU.Build.0 = Debug|Any CPU
		{A2789704-C0C3-4123-B5D7-084A8571816B}.Release|Any CPU.ActiveCfg = Release|Any CPU
		{A2789704-C0C3-4123-B5D7-084A8571816B}.Release|Any CPU.Build.0 = Release|Any CPU
	EndGlobalSection
	GlobalSection(SolutionProperties) = preSolution
		HideSolutionNode = FALSE
	EndGlobalSection
	GlobalSection(ExtensibilityGlobals) = postSolution
		SolutionGuid = {721A59E5-4D34-4D75-9795-EE52359D07F4}
	EndGlobalSection
EndGlobal
